
Microsoft Visual Studio Solution File, Format Version 12.00
# Visual Studio 15
VisualStudioVersion = 15.0.28010.2026
MinimumVisualStudioVersion = 10.0.40219.1
Project("{FAE04EC0-301F-11D3-BF4B-00C04F79EFBC}") = "TH.AI.Demo", "TH.AI.Demo\TH.AI.Demo.csproj", "{0F40B6E2-5A27-4569-8974-BBFBE63C60C4}"
EndProject
Global
	GlobalSection(SolutionConfigurationPlatforms) = preSolution
		Debug|Any CPU = Debug|Any CPU
		Release|Any CPU = Release|Any CPU
	EndGlobalSection
	GlobalSection(ProjectConfigurationPlatforms) = postSolution
		{0F40B6E2-5A27-4569-8974-BBFBE63C60C4}.Debug|Any CPU.ActiveCfg = Debug|Any CPU
		{0F40B6E2-5A27-4569-8974-BBFBE63C60C4}.Debug|Any CPU.Build.0 = Debug|Any CPU
		{0F40B6E2-5A27-4569-8974-BBFBE63C60C4}.Release|Any CPU.ActiveCfg = Release|Any CPU
		{0F40B6E2-5A27-4569-8974-BBFBE63C60C4}.Release|Any CPU.Build.0 = Release|Any CPU
	EndGlobalSection
	GlobalSection(SolutionProperties) = preSolution
		HideSolutionNode = FALSE
	EndGlobalSection
	GlobalSection(ExtensibilityGlobals) = postSolution
		SolutionGuid = {A35BB3A5-4FCF-4202-8793-88FE34E00DEA}
	EndGlobalSection
EndGlobal
